
Microsoft Visual Studio Solution File, Format Version 12.00
# Visual Studio Version 17
VisualStudioVersion = 17.13.35913.81 d17.13
MinimumVisualStudioVersion = 10.0.40219.1
Project("{FAE04EC0-301F-11D3-BF4B-00C04F79EFBC}") = "ProjetoDSM", "ProjetoDSM\ProjetoDSM.csproj", "{902C2896-839E-4E2C-AD12-70F7BD5CE0A2}"
EndProject
Global
	GlobalSection(SolutionConfigurationPlatforms) = preSolution
		Debug|Any CPU = Debug|Any CPU
		Release|Any CPU = Release|Any CPU
	EndGlobalSection
	GlobalSection(ProjectConfigurationPlatforms) = postSolution
		{902C2896-839E-4E2C-AD12-70F7BD5CE0A2}.Debug|Any CPU.ActiveCfg = Debug|Any CPU
		{902C2896-839E-4E2C-AD12-70F7BD5CE0A2}.Debug|Any CPU.Build.0 = Debug|Any CPU
		{902C2896-839E-4E2C-AD12-70F7BD5CE0A2}.Release|Any CPU.ActiveCfg = Release|Any CPU
		{902C2896-839E-4E2C-AD12-70F7BD5CE0A2}.Release|Any CPU.Build.0 = Release|Any CPU
	EndGlobalSection
	GlobalSection(SolutionProperties) = preSolution
		HideSolutionNode = FALSE
	EndGlobalSection
	GlobalSection(ExtensibilityGlobals) = postSolution
		SolutionGuid = {0FD3A1DE-1A0A-4C9F-8366-D90A76E8F356}
	EndGlobalSection
EndGlobal
